// !$*UTF8*$!
{
	archiveVersion = 1;
	classes = {
	};
	objectVersion = 46;
	objects = {

/* Begin PBXBuildFile section */
		6A0F49821A6B1C7F00BFA12D /* SQUFlugenRenderer.m in Sources */ = {isa = PBXBuildFile; fileRef = 6A0F49811A6B1C7F00BFA12D /* SQUFlugenRenderer.m */; };
		6A0F49841A6B1CF400BFA12D /* MyoKit.framework in Frameworks */ = {isa = PBXBuildFile; fileRef = 6A0F49831A6B1CF400BFA12D /* MyoKit.framework */; };
		6A0F49871A6B1D3600BFA12D /* CoreBluetooth.framework in Frameworks */ = {isa = PBXBuildFile; fileRef = 6A0F49861A6B1D3600BFA12D /* CoreBluetooth.framework */; };
		6A0F49891A6B1D4400BFA12D /* SystemConfiguration.framework in Frameworks */ = {isa = PBXBuildFile; fileRef = 6A0F49881A6B1D4400BFA12D /* SystemConfiguration.framework */; };
		6A0F498D1A6B532D00BFA12D /* SQUEntityLoader.m in Sources */ = {isa = PBXBuildFile; fileRef = 6A0F498C1A6B532D00BFA12D /* SQUEntityLoader.m */; };
		6A0F49911A6B613800BFA12D /* SQUPhotoSphereRenderer.m in Sources */ = {isa = PBXBuildFile; fileRef = 6A0F49901A6B613800BFA12D /* SQUPhotoSphereRenderer.m */; };
		6A0F49951A6C07F900BFA12D /* PhotoSpheres.plist in Resources */ = {isa = PBXBuildFile; fileRef = 6A0F49941A6C07F900BFA12D /* PhotoSpheres.plist */; };
		6A6F03DC1A6A977C00DC4726 /* SQUCameraCapturer.h in Headers */ = {isa = PBXBuildFile; fileRef = 6A6F03DA1A6A977C00DC4726 /* SQUCameraCapturer.h */; settings = {ATTRIBUTES = (Public, ); }; };
		6A6F03DD1A6A977C00DC4726 /* SQUCameraCapturer.m in Sources */ = {isa = PBXBuildFile; fileRef = 6A6F03DB1A6A977C00DC4726 /* SQUCameraCapturer.m */; };
		6A6F03DF1A6AA27C00DC4726 /* SQURenderDelegate.h in Headers */ = {isa = PBXBuildFile; fileRef = 6A6F03DE1A6AA27C00DC4726 /* SQURenderDelegate.h */; settings = {ATTRIBUTES = (Public, ); }; };
		6A6F03E21A6AA39D00DC4726 /* SQUWatermelonLandRenderer.m in Sources */ = {isa = PBXBuildFile; fileRef = 6A6F03E11A6AA39D00DC4726 /* SQUWatermelonLandRenderer.m */; };
		6ACA79FC1A6A2B350060B316 /* main.m in Sources */ = {isa = PBXBuildFile; fileRef = 6ACA79FB1A6A2B350060B316 /* main.m */; };
		6ACA7A071A6A2B350060B316 /* Images.xcassets in Resources */ = {isa = PBXBuildFile; fileRef = 6ACA7A061A6A2B350060B316 /* Images.xcassets */; };
		6ACA7A261A6A2CD70060B316 /* SQUAppDelegate.m in Sources */ = {isa = PBXBuildFile; fileRef = 6ACA7A251A6A2CD70060B316 /* SQUAppDelegate.m */; };
		6ACA7A371A6A461F0060B316 /* CardboardKit.h in Headers */ = {isa = PBXBuildFile; fileRef = 6ACA7A361A6A461F0060B316 /* CardboardKit.h */; settings = {ATTRIBUTES = (Public, ); }; };
		6ACA7A491A6A461F0060B316 /* CardboardKit.framework in Frameworks */ = {isa = PBXBuildFile; fileRef = 6ACA7A321A6A461F0060B316 /* CardboardKit.framework */; };
		6ACA7A4A1A6A461F0060B316 /* CardboardKit.framework in Embed Frameworks */ = {isa = PBXBuildFile; fileRef = 6ACA7A321A6A461F0060B316 /* CardboardKit.framework */; settings = {ATTRIBUTES = (CodeSignOnCopy, RemoveHeadersOnCopy, ); }; };
		6ACA7A551A6A466C0060B316 /* SQUCardboardKit.h in Headers */ = {isa = PBXBuildFile; fileRef = 6ACA7A531A6A466C0060B316 /* SQUCardboardKit.h */; settings = {ATTRIBUTES = (Public, ); }; };
		6ACA7A561A6A466C0060B316 /* SQUCardboardKit.m in Sources */ = {isa = PBXBuildFile; fileRef = 6ACA7A541A6A466C0060B316 /* SQUCardboardKit.m */; };
		6ACA7A5A1A6A4A0B0060B316 /* SQUGLController.h in Headers */ = {isa = PBXBuildFile; fileRef = 6ACA7A581A6A4A0B0060B316 /* SQUGLController.h */; settings = {ATTRIBUTES = (Public, ); }; };
		6ACA7A5B1A6A4A0B0060B316 /* SQUGLController.m in Sources */ = {isa = PBXBuildFile; fileRef = 6ACA7A591A6A4A0B0060B316 /* SQUGLController.m */; };
		6ACA7A651A6A4CFC0060B316 /* (null) in Frameworks */ = {isa = PBXBuildFile; };
		6ACA7A671A6A4D300060B316 /* (null) in Frameworks */ = {isa = PBXBuildFile; };
		6ACA7A691A6A50A50060B316 /* (null) in Frameworks */ = {isa = PBXBuildFile; };
		A0C86FAD07A954B28F38FCA6 /* libPods-Cardboard.a in Frameworks */ = {isa = PBXBuildFile; fileRef = 5AC840003F6D582600D6F656 /* libPods-Cardboard.a */; };
		D7192FB71A6A66CF0019AF76 /* CoreMotion.framework in Frameworks */ = {isa = PBXBuildFile; fileRef = D7192FB61A6A66CF0019AF76 /* CoreMotion.framework */; };
		D7B8EB351A6B3094001EC749 /* f-14-super-tomcat.dae in Resources */ = {isa = PBXBuildFile; fileRef = D7B8EB341A6B3094001EC749 /* f-14-super-tomcat.dae */; };
/* End PBXBuildFile section */

/* Begin PBXContainerItemProxy section */
		6ACA7A471A6A461F0060B316 /* PBXContainerItemProxy */ = {
			isa = PBXContainerItemProxy;
			containerPortal = 6ACA79EE1A6A2B350060B316 /* Project object */;
			proxyType = 1;
			remoteGlobalIDString = 6ACA7A311A6A461F0060B316;
			remoteInfo = CardboardKit;
		};
/* End PBXContainerItemProxy section */

/* Begin PBXCopyFilesBuildPhase section */
		6ACA7A4E1A6A461F0060B316 /* Embed Frameworks */ = {
			isa = PBXCopyFilesBuildPhase;
			buildActionMask = 2147483647;
			dstPath = "";
			dstSubfolderSpec = 10;
			files = (
				6ACA7A4A1A6A461F0060B316 /* CardboardKit.framework in Embed Frameworks */,
			);
			name = "Embed Frameworks";
			runOnlyForDeploymentPostprocessing = 0;
		};
/* End PBXCopyFilesBuildPhase section */

/* Begin PBXFileReference section */
		31766461CF7711BED568A3D8 /* Pods-Cardboard.debug.xcconfig */ = {isa = PBXFileReference; includeInIndex = 1; lastKnownFileType = text.xcconfig; name = "Pods-Cardboard.debug.xcconfig"; path = "Pods/Target Support Files/Pods-Cardboard/Pods-Cardboard.debug.xcconfig"; sourceTree = "<group>"; };
		5AC840003F6D582600D6F656 /* libPods-Cardboard.a */ = {isa = PBXFileReference; explicitFileType = archive.ar; includeInIndex = 0; path = "libPods-Cardboard.a"; sourceTree = BUILT_PRODUCTS_DIR; };
		6A0F49801A6B1C7F00BFA12D /* SQUFlugenRenderer.h */ = {isa = PBXFileReference; fileEncoding = 4; lastKnownFileType = sourcecode.c.h; lineEnding = 0; name = SQUFlugenRenderer.h; path = Cardboard/SQUFlugenRenderer.h; sourceTree = "<group>"; xcLanguageSpecificationIdentifier = xcode.lang.objcpp; };
		6A0F49811A6B1C7F00BFA12D /* SQUFlugenRenderer.m */ = {isa = PBXFileReference; fileEncoding = 4; lastKnownFileType = sourcecode.c.objc; lineEnding = 0; name = SQUFlugenRenderer.m; path = Cardboard/SQUFlugenRenderer.m; sourceTree = "<group>"; xcLanguageSpecificationIdentifier = xcode.lang.objc; };
		6A0F49831A6B1CF400BFA12D /* MyoKit.framework */ = {isa = PBXFileReference; lastKnownFileType = wrapper.framework; name = MyoKit.framework; path = "Myo-iOS-SDK-0.4.0/MyoKit.framework"; sourceTree = "<group>"; };
		6A0F49861A6B1D3600BFA12D /* CoreBluetooth.framework */ = {isa = PBXFileReference; lastKnownFileType = wrapper.framework; name = CoreBluetooth.framework; path = System/Library/Frameworks/CoreBluetooth.framework; sourceTree = SDKROOT; };
		6A0F49881A6B1D4400BFA12D /* SystemConfiguration.framework */ = {isa = PBXFileReference; lastKnownFileType = wrapper.framework; name = SystemConfiguration.framework; path = System/Library/Frameworks/SystemConfiguration.framework; sourceTree = SDKROOT; };
		6A0F498B1A6B532D00BFA12D /* SQUEntityLoader.h */ = {isa = PBXFileReference; fileEncoding = 4; lastKnownFileType = sourcecode.c.h; lineEnding = 0; name = SQUEntityLoader.h; path = Cardboard/SQUEntityLoader.h; sourceTree = "<group>"; xcLanguageSpecificationIdentifier = xcode.lang.objcpp; };
		6A0F498C1A6B532D00BFA12D /* SQUEntityLoader.m */ = {isa = PBXFileReference; fileEncoding = 4; lastKnownFileType = sourcecode.c.objc; lineEnding = 0; name = SQUEntityLoader.m; path = Cardboard/SQUEntityLoader.m; sourceTree = "<group>"; xcLanguageSpecificationIdentifier = xcode.lang.objc; };
		6A0F498F1A6B613800BFA12D /* SQUPhotoSphereRenderer.h */ = {isa = PBXFileReference; fileEncoding = 4; lastKnownFileType = sourcecode.c.h; lineEnding = 0; name = SQUPhotoSphereRenderer.h; path = Cardboard/SQUPhotoSphereRenderer.h; sourceTree = "<group>"; xcLanguageSpecificationIdentifier = xcode.lang.objcpp; };
		6A0F49901A6B613800BFA12D /* SQUPhotoSphereRenderer.m */ = {isa = PBXFileReference; fileEncoding = 4; lastKnownFileType = sourcecode.c.objc; lineEnding = 0; name = SQUPhotoSphereRenderer.m; path = Cardboard/SQUPhotoSphereRenderer.m; sourceTree = "<group>"; xcLanguageSpecificationIdentifier = xcode.lang.objc; };
		6A0F49941A6C07F900BFA12D /* PhotoSpheres.plist */ = {isa = PBXFileReference; fileEncoding = 4; lastKnownFileType = text.plist.xml; name = PhotoSpheres.plist; path = Cardboard/PhotoSpheres.plist; sourceTree = "<group>"; };
		6A6F03DA1A6A977C00DC4726 /* SQUCameraCapturer.h */ = {isa = PBXFileReference; fileEncoding = 4; lastKnownFileType = sourcecode.c.h; lineEnding = 0; path = SQUCameraCapturer.h; sourceTree = "<group>"; xcLanguageSpecificationIdentifier = xcode.lang.objcpp; };
		6A6F03DB1A6A977C00DC4726 /* SQUCameraCapturer.m */ = {isa = PBXFileReference; fileEncoding = 4; lastKnownFileType = sourcecode.c.objc; lineEnding = 0; path = SQUCameraCapturer.m; sourceTree = "<group>"; xcLanguageSpecificationIdentifier = xcode.lang.objc; };
		6A6F03DE1A6AA27C00DC4726 /* SQURenderDelegate.h */ = {isa = PBXFileReference; fileEncoding = 4; lastKnownFileType = sourcecode.c.h; lineEnding = 0; path = SQURenderDelegate.h; sourceTree = "<group>"; xcLanguageSpecificationIdentifier = xcode.lang.objcpp; };
		6A6F03E01A6AA39D00DC4726 /* SQUWatermelonLandRenderer.h */ = {isa = PBXFileReference; fileEncoding = 4; lastKnownFileType = sourcecode.c.h; lineEnding = 0; path = SQUWatermelonLandRenderer.h; sourceTree = "<group>"; xcLanguageSpecificationIdentifier = xcode.lang.objcpp; };
		6A6F03E11A6AA39D00DC4726 /* SQUWatermelonLandRenderer.m */ = {isa = PBXFileReference; fileEncoding = 4; lastKnownFileType = sourcecode.c.objc; lineEnding = 0; path = SQUWatermelonLandRenderer.m; sourceTree = "<group>"; xcLanguageSpecificationIdentifier = xcode.lang.objc; };
		6ACA79F61A6A2B350060B316 /* Cardboard.app */ = {isa = PBXFileReference; explicitFileType = wrapper.application; includeInIndex = 0; path = Cardboard.app; sourceTree = BUILT_PRODUCTS_DIR; };
		6ACA79FA1A6A2B350060B316 /* Info.plist */ = {isa = PBXFileReference; lastKnownFileType = text.plist.xml; path = Info.plist; sourceTree = "<group>"; };
		6ACA79FB1A6A2B350060B316 /* main.m */ = {isa = PBXFileReference; lastKnownFileType = sourcecode.c.objc; lineEnding = 0; path = main.m; sourceTree = "<group>"; xcLanguageSpecificationIdentifier = xcode.lang.objc; };
		6ACA7A061A6A2B350060B316 /* Images.xcassets */ = {isa = PBXFileReference; lastKnownFileType = folder.assetcatalog; name = Images.xcassets; path = Cardboard/Images.xcassets; sourceTree = "<group>"; };
		6ACA7A241A6A2CD70060B316 /* SQUAppDelegate.h */ = {isa = PBXFileReference; fileEncoding = 4; lastKnownFileType = sourcecode.c.h; lineEnding = 0; path = SQUAppDelegate.h; sourceTree = "<group>"; xcLanguageSpecificationIdentifier = xcode.lang.objcpp; };
		6ACA7A251A6A2CD70060B316 /* SQUAppDelegate.m */ = {isa = PBXFileReference; fileEncoding = 4; lastKnownFileType = sourcecode.c.objc; lineEnding = 0; path = SQUAppDelegate.m; sourceTree = "<group>"; xcLanguageSpecificationIdentifier = xcode.lang.objc; };
		6ACA7A281A6A2E590060B316 /* PrefixHeader.pch */ = {isa = PBXFileReference; lastKnownFileType = sourcecode.c.h; lineEnding = 0; path = PrefixHeader.pch; sourceTree = "<group>"; xcLanguageSpecificationIdentifier = xcode.lang.objc; };
		6ACA7A321A6A461F0060B316 /* CardboardKit.framework */ = {isa = PBXFileReference; explicitFileType = wrapper.framework; includeInIndex = 0; path = CardboardKit.framework; sourceTree = BUILT_PRODUCTS_DIR; };
		6ACA7A351A6A461F0060B316 /* Info.plist */ = {isa = PBXFileReference; lastKnownFileType = text.plist.xml; path = Info.plist; sourceTree = "<group>"; };
		6ACA7A361A6A461F0060B316 /* CardboardKit.h */ = {isa = PBXFileReference; lastKnownFileType = sourcecode.c.h; lineEnding = 0; path = CardboardKit.h; sourceTree = "<group>"; xcLanguageSpecificationIdentifier = xcode.lang.objcpp; };
		6ACA7A531A6A466C0060B316 /* SQUCardboardKit.h */ = {isa = PBXFileReference; fileEncoding = 4; lastKnownFileType = sourcecode.c.h; lineEnding = 0; path = SQUCardboardKit.h; sourceTree = "<group>"; xcLanguageSpecificationIdentifier = xcode.lang.objcpp; };
		6ACA7A541A6A466C0060B316 /* SQUCardboardKit.m */ = {isa = PBXFileReference; fileEncoding = 4; lastKnownFileType = sourcecode.c.objc; lineEnding = 0; path = SQUCardboardKit.m; sourceTree = "<group>"; xcLanguageSpecificationIdentifier = xcode.lang.objc; };
		6ACA7A581A6A4A0B0060B316 /* SQUGLController.h */ = {isa = PBXFileReference; fileEncoding = 4; lastKnownFileType = sourcecode.c.h; lineEnding = 0; path = SQUGLController.h; sourceTree = "<group>"; xcLanguageSpecificationIdentifier = xcode.lang.objcpp; };
		6ACA7A591A6A4A0B0060B316 /* SQUGLController.m */ = {isa = PBXFileReference; fileEncoding = 4; lastKnownFileType = sourcecode.c.objc; lineEnding = 0; path = SQUGLController.m; sourceTree = "<group>"; xcLanguageSpecificationIdentifier = xcode.lang.objc; };
		D7192FB61A6A66CF0019AF76 /* CoreMotion.framework */ = {isa = PBXFileReference; lastKnownFileType = wrapper.framework; name = CoreMotion.framework; path = System/Library/Frameworks/CoreMotion.framework; sourceTree = SDKROOT; };
		D7B8EB341A6B3094001EC749 /* f-14-super-tomcat.dae */ = {isa = PBXFileReference; fileEncoding = 4; lastKnownFileType = text.xml.dae; path = "f-14-super-tomcat.dae"; sourceTree = "<group>"; };
		FC49DE83CC7936B6A085A50D /* Pods-Cardboard.release.xcconfig */ = {isa = PBXFileReference; includeInIndex = 1; lastKnownFileType = text.xcconfig; name = "Pods-Cardboard.release.xcconfig"; path = "Pods/Target Support Files/Pods-Cardboard/Pods-Cardboard.release.xcconfig"; sourceTree = "<group>"; };
/* End PBXFileReference section */

/* Begin PBXFrameworksBuildPhase section */
		6ACA79F31A6A2B350060B316 /* Frameworks */ = {
			isa = PBXFrameworksBuildPhase;
			buildActionMask = 2147483647;
			files = (
				6A0F49891A6B1D4400BFA12D /* SystemConfiguration.framework in Frameworks */,
				6A0F49871A6B1D3600BFA12D /* CoreBluetooth.framework in Frameworks */,
				D7192FB71A6A66CF0019AF76 /* CoreMotion.framework in Frameworks */,
				6A0F49841A6B1CF400BFA12D /* MyoKit.framework in Frameworks */,
				6ACA7A491A6A461F0060B316 /* CardboardKit.framework in Frameworks */,
				A0C86FAD07A954B28F38FCA6 /* libPods-Cardboard.a in Frameworks */,
			);
			runOnlyForDeploymentPostprocessing = 0;
		};
		6ACA7A2E1A6A461F0060B316 /* Frameworks */ = {
			isa = PBXFrameworksBuildPhase;
			buildActionMask = 2147483647;
			files = (
				6ACA7A691A6A50A50060B316 /* (null) in Frameworks */,
				6ACA7A671A6A4D300060B316 /* (null) in Frameworks */,
				6ACA7A651A6A4CFC0060B316 /* (null) in Frameworks */,
			);
			runOnlyForDeploymentPostprocessing = 0;
		};
/* End PBXFrameworksBuildPhase section */

/* Begin PBXGroup section */
		46F5CF53744BEB0546034E43 /* Pods */ = {
			isa = PBXGroup;
			children = (
				31766461CF7711BED568A3D8 /* Pods-Cardboard.debug.xcconfig */,
				FC49DE83CC7936B6A085A50D /* Pods-Cardboard.release.xcconfig */,
			);
			name = Pods;
			sourceTree = "<group>";
		};
		6A0F497F1A6B1C2100BFA12D /* Flugen */ = {
			isa = PBXGroup;
			children = (
				6A0F49801A6B1C7F00BFA12D /* SQUFlugenRenderer.h */,
				6A0F49811A6B1C7F00BFA12D /* SQUFlugenRenderer.m */,
			);
			name = Flugen;
			sourceTree = "<group>";
		};
		6A0F49851A6B1D2000BFA12D /* Frameworks */ = {
			isa = PBXGroup;
			children = (
				6A0F49831A6B1CF400BFA12D /* MyoKit.framework */,
			);
			name = Frameworks;
			sourceTree = "<group>";
		};
		6A0F498A1A6B531300BFA12D /* Utilities */ = {
			isa = PBXGroup;
			children = (
				6A0F498B1A6B532D00BFA12D /* SQUEntityLoader.h */,
				6A0F498C1A6B532D00BFA12D /* SQUEntityLoader.m */,
			);
			name = Utilities;
			sourceTree = "<group>";
		};
		6A0F498E1A6B5F9300BFA12D /* PhotoSphere */ = {
			isa = PBXGroup;
			children = (
				6A0F498F1A6B613800BFA12D /* SQUPhotoSphereRenderer.h */,
				6A0F49901A6B613800BFA12D /* SQUPhotoSphereRenderer.m */,
				6A0F49941A6C07F900BFA12D /* PhotoSpheres.plist */,
			);
			name = PhotoSphere;
			sourceTree = "<group>";
		};
		6A6F03D51A6A8F5D00DC4726 /* Resources */ = {
			isa = PBXGroup;
			children = (
			);
			name = Resources;
			sourceTree = "<group>";
		};
		6ACA79ED1A6A2B350060B316 = {
			isa = PBXGroup;
			children = (
				6ACA7A521A6A462F0060B316 /* Cardboard App */,
				6ACA7A331A6A461F0060B316 /* CardboardKit */,
				6ACA79F71A6A2B350060B316 /* Products */,
				46F5CF53744BEB0546034E43 /* Pods */,
				E7453ECFD21C2CC925C3893D /* Frameworks */,
			);
			sourceTree = "<group>";
		};
		6ACA79F71A6A2B350060B316 /* Products */ = {
			isa = PBXGroup;
			children = (
				6ACA79F61A6A2B350060B316 /* Cardboard.app */,
				6ACA7A321A6A461F0060B316 /* CardboardKit.framework */,
			);
			name = Products;
			sourceTree = "<group>";
		};
		6ACA79F91A6A2B350060B316 /* Supporting Files */ = {
			isa = PBXGroup;
			children = (
				6ACA79FA1A6A2B350060B316 /* Info.plist */,
				6ACA79FB1A6A2B350060B316 /* main.m */,
				6ACA7A281A6A2E590060B316 /* PrefixHeader.pch */,
			);
			name = "Supporting Files";
			path = Cardboard;
			sourceTree = "<group>";
		};
		6ACA7A221A6A2CB00060B316 /* Resources */ = {
			isa = PBXGroup;
			children = (
				6ACA7A061A6A2B350060B316 /* Images.xcassets */,
			);
			name = Resources;
			sourceTree = "<group>";
		};
		6ACA7A231A6A2CC20060B316 /* App Delegate */ = {
			isa = PBXGroup;
			children = (
				6ACA7A241A6A2CD70060B316 /* SQUAppDelegate.h */,
				6ACA7A251A6A2CD70060B316 /* SQUAppDelegate.m */,
			);
			name = "App Delegate";
			path = Cardboard;
			sourceTree = "<group>";
		};
		6ACA7A291A6A2EE20060B316 /* Watermelon Example */ = {
			isa = PBXGroup;
			children = (
				6A6F03E01A6AA39D00DC4726 /* SQUWatermelonLandRenderer.h */,
				6A6F03E11A6AA39D00DC4726 /* SQUWatermelonLandRenderer.m */,
			);
			name = "Watermelon Example";
			path = Cardboard;
			sourceTree = "<group>";
		};
		6ACA7A331A6A461F0060B316 /* CardboardKit */ = {
			isa = PBXGroup;
			children = (
				6A6F03D51A6A8F5D00DC4726 /* Resources */,
				6ACA7A5D1A6A4BD70060B316 /* Image Routing */,
				6ACA7A571A6A4A010060B316 /* Rendering */,
				6ACA7A5C1A6A4A0F0060B316 /* Motion */,
				6ACA7A341A6A461F0060B316 /* Supporting Files */,
			);
			path = CardboardKit;
			sourceTree = "<group>";
		};
		6ACA7A341A6A461F0060B316 /* Supporting Files */ = {
			isa = PBXGroup;
			children = (
				6ACA7A361A6A461F0060B316 /* CardboardKit.h */,
				6ACA7A351A6A461F0060B316 /* Info.plist */,
			);
			name = "Supporting Files";
			sourceTree = "<group>";
		};
		6ACA7A521A6A462F0060B316 /* Cardboard App */ = {
			isa = PBXGroup;
			children = (
				6A0F49851A6B1D2000BFA12D /* Frameworks */,
				6A0F498A1A6B531300BFA12D /* Utilities */,
				D7B8EB331A6B3081001EC749 /* PlaneModels */,
				6A0F497F1A6B1C2100BFA12D /* Flugen */,
				6A0F498E1A6B5F9300BFA12D /* PhotoSphere */,
				6ACA7A291A6A2EE20060B316 /* Watermelon Example */,
				6ACA7A231A6A2CC20060B316 /* App Delegate */,
				6ACA79F91A6A2B350060B316 /* Supporting Files */,
				6ACA7A221A6A2CB00060B316 /* Resources */,
			);
			name = "Cardboard App";
			sourceTree = "<group>";
		};
		6ACA7A571A6A4A010060B316 /* Rendering */ = {
			isa = PBXGroup;
			children = (
				6ACA7A581A6A4A0B0060B316 /* SQUGLController.h */,
				6ACA7A591A6A4A0B0060B316 /* SQUGLController.m */,
				6A6F03DE1A6AA27C00DC4726 /* SQURenderDelegate.h */,
			);
			name = Rendering;
			sourceTree = "<group>";
		};
		6ACA7A5C1A6A4A0F0060B316 /* Motion */ = {
			isa = PBXGroup;
			children = (
				6ACA7A531A6A466C0060B316 /* SQUCardboardKit.h */,
				6ACA7A541A6A466C0060B316 /* SQUCardboardKit.m */,
			);
			name = Motion;
			sourceTree = "<group>";
		};
		6ACA7A5D1A6A4BD70060B316 /* Image Routing */ = {
			isa = PBXGroup;
			children = (
				6A6F03DA1A6A977C00DC4726 /* SQUCameraCapturer.h */,
				6A6F03DB1A6A977C00DC4726 /* SQUCameraCapturer.m */,
			);
			name = "Image Routing";
			sourceTree = "<group>";
		};
		D7B8EB331A6B3081001EC749 /* PlaneModels */ = {
			isa = PBXGroup;
			children = (
				D7B8EB341A6B3094001EC749 /* f-14-super-tomcat.dae */,
			);
			name = PlaneModels;
			sourceTree = "<group>";
		};
		E7453ECFD21C2CC925C3893D /* Frameworks */ = {
			isa = PBXGroup;
			children = (
				6A0F49881A6B1D4400BFA12D /* SystemConfiguration.framework */,
				6A0F49861A6B1D3600BFA12D /* CoreBluetooth.framework */,
				D7192FB61A6A66CF0019AF76 /* CoreMotion.framework */,
				5AC840003F6D582600D6F656 /* libPods-Cardboard.a */,
			);
			name = Frameworks;
			sourceTree = "<group>";
		};
/* End PBXGroup section */

/* Begin PBXHeadersBuildPhase section */
		6ACA7A2F1A6A461F0060B316 /* Headers */ = {
			isa = PBXHeadersBuildPhase;
			buildActionMask = 2147483647;
			files = (
				6ACA7A371A6A461F0060B316 /* CardboardKit.h in Headers */,
				6ACA7A551A6A466C0060B316 /* SQUCardboardKit.h in Headers */,
				6A6F03DF1A6AA27C00DC4726 /* SQURenderDelegate.h in Headers */,
				6A6F03DC1A6A977C00DC4726 /* SQUCameraCapturer.h in Headers */,
				6ACA7A5A1A6A4A0B0060B316 /* SQUGLController.h in Headers */,
			);
			runOnlyForDeploymentPostprocessing = 0;
		};
/* End PBXHeadersBuildPhase section */

/* Begin PBXNativeTarget section */
		6ACA79F51A6A2B350060B316 /* Cardboard */ = {
			isa = PBXNativeTarget;
			buildConfigurationList = 6ACA7A191A6A2B350060B316 /* Build configuration list for PBXNativeTarget "Cardboard" */;
			buildPhases = (
				35CB587D60A3E1A27757A3E5 /* Check Pods Manifest.lock */,
				6ACA79F21A6A2B350060B316 /* Sources */,
				6ACA79F31A6A2B350060B316 /* Frameworks */,
				6ACA79F41A6A2B350060B316 /* Resources */,
				AD3D7F42ADC1FE655A3C247E /* Copy Pods Resources */,
				6ACA7A4E1A6A461F0060B316 /* Embed Frameworks */,
			);
			buildRules = (
			);
			dependencies = (
				6ACA7A481A6A461F0060B316 /* PBXTargetDependency */,
			);
			name = Cardboard;
			productName = Cardboard;
			productReference = 6ACA79F61A6A2B350060B316 /* Cardboard.app */;
			productType = "com.apple.product-type.application";
		};
		6ACA7A311A6A461F0060B316 /* CardboardKit */ = {
			isa = PBXNativeTarget;
			buildConfigurationList = 6ACA7A4B1A6A461F0060B316 /* Build configuration list for PBXNativeTarget "CardboardKit" */;
			buildPhases = (
				6ACA7A2D1A6A461F0060B316 /* Sources */,
				6ACA7A2E1A6A461F0060B316 /* Frameworks */,
				6ACA7A2F1A6A461F0060B316 /* Headers */,
				6ACA7A301A6A461F0060B316 /* Resources */,
			);
			buildRules = (
			);
			dependencies = (
			);
			name = CardboardKit;
			productName = CardboardKit;
			productReference = 6ACA7A321A6A461F0060B316 /* CardboardKit.framework */;
			productType = "com.apple.product-type.framework";
		};
/* End PBXNativeTarget section */

/* Begin PBXProject section */
		6ACA79EE1A6A2B350060B316 /* Project object */ = {
			isa = PBXProject;
			attributes = {
				LastUpgradeCheck = 0610;
				ORGANIZATIONNAME = "Tristan Seifert";
				TargetAttributes = {
					6ACA79F51A6A2B350060B316 = {
						CreatedOnToolsVersion = 6.1.1;
						DevelopmentTeam = CE6EK52VST;
					};
					6ACA7A311A6A461F0060B316 = {
						CreatedOnToolsVersion = 6.1.1;
						DevelopmentTeam = CE6EK52VST;
					};
				};
			};
			buildConfigurationList = 6ACA79F11A6A2B350060B316 /* Build configuration list for PBXProject "Cardboard" */;
			compatibilityVersion = "Xcode 3.2";
			developmentRegion = English;
			hasScannedForEncodings = 0;
			knownRegions = (
				en,
				Base,
			);
			mainGroup = 6ACA79ED1A6A2B350060B316;
			productRefGroup = 6ACA79F71A6A2B350060B316 /* Products */;
			projectDirPath = "";
			projectRoot = "";
			targets = (
				6ACA79F51A6A2B350060B316 /* Cardboard */,
				6ACA7A311A6A461F0060B316 /* CardboardKit */,
			);
		};
/* End PBXProject section */

/* Begin PBXResourcesBuildPhase section */
		6ACA79F41A6A2B350060B316 /* Resources */ = {
			isa = PBXResourcesBuildPhase;
			buildActionMask = 2147483647;
			files = (
				6A0F49951A6C07F900BFA12D /* PhotoSpheres.plist in Resources */,
				D7B8EB351A6B3094001EC749 /* f-14-super-tomcat.dae in Resources */,
				6ACA7A071A6A2B350060B316 /* Images.xcassets in Resources */,
			);
			runOnlyForDeploymentPostprocessing = 0;
		};
		6ACA7A301A6A461F0060B316 /* Resources */ = {
			isa = PBXResourcesBuildPhase;
			buildActionMask = 2147483647;
			files = (
			);
			runOnlyForDeploymentPostprocessing = 0;
		};
/* End PBXResourcesBuildPhase section */

/* Begin PBXShellScriptBuildPhase section */
		35CB587D60A3E1A27757A3E5 /* Check Pods Manifest.lock */ = {
			isa = PBXShellScriptBuildPhase;
			buildActionMask = 2147483647;
			files = (
			);
			inputPaths = (
			);
			name = "Check Pods Manifest.lock";
			outputPaths = (
			);
			runOnlyForDeploymentPostprocessing = 0;
			shellPath = /bin/sh;
			shellScript = "diff \"${PODS_ROOT}/../Podfile.lock\" \"${PODS_ROOT}/Manifest.lock\" > /dev/null\nif [[ $? != 0 ]] ; then\n    cat << EOM\nerror: The sandbox is not in sync with the Podfile.lock. Run 'pod install' or update your CocoaPods installation.\nEOM\n    exit 1\nfi\n";
			showEnvVarsInLog = 0;
		};
		AD3D7F42ADC1FE655A3C247E /* Copy Pods Resources */ = {
			isa = PBXShellScriptBuildPhase;
			buildActionMask = 2147483647;
			files = (
			);
			inputPaths = (
			);
			name = "Copy Pods Resources";
			outputPaths = (
			);
			runOnlyForDeploymentPostprocessing = 0;
			shellPath = /bin/sh;
			shellScript = "\"${SRCROOT}/Pods/Target Support Files/Pods-Cardboard/Pods-Cardboard-resources.sh\"\n";
			showEnvVarsInLog = 0;
		};
/* End PBXShellScriptBuildPhase section */

/* Begin PBXSourcesBuildPhase section */
		6ACA79F21A6A2B350060B316 /* Sources */ = {
			isa = PBXSourcesBuildPhase;
			buildActionMask = 2147483647;
			files = (
				6ACA7A261A6A2CD70060B316 /* SQUAppDelegate.m in Sources */,
				6A0F498D1A6B532D00BFA12D /* SQUEntityLoader.m in Sources */,
				6ACA79FC1A6A2B350060B316 /* main.m in Sources */,
				6A6F03E21A6AA39D00DC4726 /* SQUWatermelonLandRenderer.m in Sources */,
				6A0F49911A6B613800BFA12D /* SQUPhotoSphereRenderer.m in Sources */,
				6A0F49821A6B1C7F00BFA12D /* SQUFlugenRenderer.m in Sources */,
			);
			runOnlyForDeploymentPostprocessing = 0;
		};
		6ACA7A2D1A6A461F0060B316 /* Sources */ = {
			isa = PBXSourcesBuildPhase;
			buildActionMask = 2147483647;
			files = (
				6A6F03DD1A6A977C00DC4726 /* SQUCameraCapturer.m in Sources */,
				6ACA7A5B1A6A4A0B0060B316 /* SQUGLController.m in Sources */,
				6ACA7A561A6A466C0060B316 /* SQUCardboardKit.m in Sources */,
			);
			runOnlyForDeploymentPostprocessing = 0;
		};
/* End PBXSourcesBuildPhase section */

/* Begin PBXTargetDependency section */
		6ACA7A481A6A461F0060B316 /* PBXTargetDependency */ = {
			isa = PBXTargetDependency;
			target = 6ACA7A311A6A461F0060B316 /* CardboardKit */;
			targetProxy = 6ACA7A471A6A461F0060B316 /* PBXContainerItemProxy */;
		};
/* End PBXTargetDependency section */

/* Begin XCBuildConfiguration section */
		6ACA7A171A6A2B350060B316 /* Debug */ = {
			isa = XCBuildConfiguration;
			buildSettings = {
				ALWAYS_SEARCH_USER_PATHS = NO;
				CLANG_CXX_LANGUAGE_STANDARD = "gnu++0x";
				CLANG_CXX_LIBRARY = "libc++";
				CLANG_ENABLE_MODULES = YES;
				CLANG_ENABLE_OBJC_ARC = YES;
				CLANG_WARN_BOOL_CONVERSION = YES;
				CLANG_WARN_CONSTANT_CONVERSION = YES;
				CLANG_WARN_DIRECT_OBJC_ISA_USAGE = YES_ERROR;
				CLANG_WARN_EMPTY_BODY = YES;
				CLANG_WARN_ENUM_CONVERSION = YES;
				CLANG_WARN_INT_CONVERSION = YES;
				CLANG_WARN_OBJC_ROOT_CLASS = YES_ERROR;
				CLANG_WARN_UNREACHABLE_CODE = YES;
				CLANG_WARN__DUPLICATE_METHOD_MATCH = YES;
				"CODE_SIGN_IDENTITY[sdk=iphoneos*]" = "iPhone Developer";
				COPY_PHASE_STRIP = NO;
				ENABLE_STRICT_OBJC_MSGSEND = YES;
				GCC_C_LANGUAGE_STANDARD = gnu99;
				GCC_DYNAMIC_NO_PIC = NO;
				GCC_OPTIMIZATION_LEVEL = 0;
				GCC_PREPROCESSOR_DEFINITIONS = (
					"DEBUG=1",
					"$(inherited)",
				);
				GCC_SYMBOLS_PRIVATE_EXTERN = NO;
				GCC_WARN_64_TO_32_BIT_CONVERSION = YES;
				GCC_WARN_ABOUT_RETURN_TYPE = YES_ERROR;
				GCC_WARN_UNDECLARED_SELECTOR = YES;
				GCC_WARN_UNINITIALIZED_AUTOS = YES_AGGRESSIVE;
				GCC_WARN_UNUSED_FUNCTION = YES;
				GCC_WARN_UNUSED_VARIABLE = YES;
				IPHONEOS_DEPLOYMENT_TARGET = 8.0;
				MTL_ENABLE_DEBUG_INFO = YES;
				ONLY_ACTIVE_ARCH = YES;
				SDKROOT = iphoneos;
			};
			name = Debug;
		};
		6ACA7A181A6A2B350060B316 /* Release */ = {
			isa = XCBuildConfiguration;
			buildSettings = {
				ALWAYS_SEARCH_USER_PATHS = NO;
				CLANG_CXX_LANGUAGE_STANDARD = "gnu++0x";
				CLANG_CXX_LIBRARY = "libc++";
				CLANG_ENABLE_MODULES = YES;
				CLANG_ENABLE_OBJC_ARC = YES;
				CLANG_WARN_BOOL_CONVERSION = YES;
				CLANG_WARN_CONSTANT_CONVERSION = YES;
				CLANG_WARN_DIRECT_OBJC_ISA_USAGE = YES_ERROR;
				CLANG_WARN_EMPTY_BODY = YES;
				CLANG_WARN_ENUM_CONVERSION = YES;
				CLANG_WARN_INT_CONVERSION = YES;
				CLANG_WARN_OBJC_ROOT_CLASS = YES_ERROR;
				CLANG_WARN_UNREACHABLE_CODE = YES;
				CLANG_WARN__DUPLICATE_METHOD_MATCH = YES;
				"CODE_SIGN_IDENTITY[sdk=iphoneos*]" = "iPhone Developer";
				COPY_PHASE_STRIP = YES;
				ENABLE_NS_ASSERTIONS = NO;
				ENABLE_STRICT_OBJC_MSGSEND = YES;
				GCC_C_LANGUAGE_STANDARD = gnu99;
				GCC_WARN_64_TO_32_BIT_CONVERSION = YES;
				GCC_WARN_ABOUT_RETURN_TYPE = YES_ERROR;
				GCC_WARN_UNDECLARED_SELECTOR = YES;
				GCC_WARN_UNINITIALIZED_AUTOS = YES_AGGRESSIVE;
				GCC_WARN_UNUSED_FUNCTION = YES;
				GCC_WARN_UNUSED_VARIABLE = YES;
				IPHONEOS_DEPLOYMENT_TARGET = 8.0;
				MTL_ENABLE_DEBUG_INFO = NO;
				SDKROOT = iphoneos;
				VALIDATE_PRODUCT = YES;
			};
			name = Release;
		};
		6ACA7A1A1A6A2B350060B316 /* Debug */ = {
			isa = XCBuildConfiguration;
			baseConfigurationReference = 31766461CF7711BED568A3D8 /* Pods-Cardboard.debug.xcconfig */;
			buildSettings = {
				ASSETCATALOG_COMPILER_APPICON_NAME = AppIcon;
				ASSETCATALOG_COMPILER_LAUNCHIMAGE_NAME = LaunchImage;
				CODE_SIGN_IDENTITY = "iPhone Developer";
				"CODE_SIGN_IDENTITY[sdk=iphoneos*]" = "iPhone Developer";
				FRAMEWORK_SEARCH_PATHS = (
					"$(inherited)",
					"$(PROJECT_DIR)/Myo-iOS-SDK-0.4.0",
				);
				GCC_PREFIX_HEADER = Cardboard/PrefixHeader.pch;
				INFOPLIST_FILE = Cardboard/Info.plist;
				LD_RUNPATH_SEARCH_PATHS = "$(inherited) @executable_path/Frameworks";
				PRODUCT_NAME = "$(TARGET_NAME)";
				PROVISIONING_PROFILE = "";
			};
			name = Debug;
		};
		6ACA7A1B1A6A2B350060B316 /* Release */ = {
			isa = XCBuildConfiguration;
			baseConfigurationReference = FC49DE83CC7936B6A085A50D /* Pods-Cardboard.release.xcconfig */;
			buildSettings = {
				ASSETCATALOG_COMPILER_APPICON_NAME = AppIcon;
				ASSETCATALOG_COMPILER_LAUNCHIMAGE_NAME = LaunchImage;
				CODE_SIGN_IDENTITY = "iPhone Developer";
				"CODE_SIGN_IDENTITY[sdk=iphoneos*]" = "iPhone Developer";
				FRAMEWORK_SEARCH_PATHS = (
					"$(inherited)",
					"$(PROJECT_DIR)/Myo-iOS-SDK-0.4.0",
				);
				GCC_PREFIX_HEADER = Cardboard/PrefixHeader.pch;
				INFOPLIST_FILE = Cardboard/Info.plist;
				LD_RUNPATH_SEARCH_PATHS = "$(inherited) @executable_path/Frameworks";
				PRODUCT_NAME = "$(TARGET_NAME)";
				PROVISIONING_PROFILE = "";
			};
			name = Release;
		};
		6ACA7A4C1A6A461F0060B316 /* Debug */ = {
			isa = XCBuildConfiguration;
			buildSettings = {
				CODE_SIGN_IDENTITY = "iPhone Developer";
				"CODE_SIGN_IDENTITY[sdk=iphoneos*]" = "iPhone Developer";
				CURRENT_PROJECT_VERSION = 1;
				DEFINES_MODULE = YES;
				DYLIB_COMPATIBILITY_VERSION = 1;
				DYLIB_CURRENT_VERSION = 1;
				DYLIB_INSTALL_NAME_BASE = "@rpath";
				GCC_PREPROCESSOR_DEFINITIONS = (
					"DEBUG=1",
					"$(inherited)",
				);
				INFOPLIST_FILE = CardboardKit/Info.plist;
				INSTALL_PATH = "$(LOCAL_LIBRARY_DIR)/Frameworks";
				IPHONEOS_DEPLOYMENT_TARGET = 8.1;
				LD_RUNPATH_SEARCH_PATHS = "$(inherited) @executable_path/Frameworks @loader_path/Frameworks";
				PRODUCT_NAME = "$(TARGET_NAME)";
				SKIP_INSTALL = YES;
				TARGETED_DEVICE_FAMILY = "1,2";
				VERSIONING_SYSTEM = "apple-generic";
				VERSION_INFO_PREFIX = "";
			};
			name = Debug;
		};
		6ACA7A4D1A6A461F0060B316 /* Release */ = {
			isa = XCBuildConfiguration;
			buildSettings = {
				CODE_SIGN_IDENTITY = "iPhone Developer";
				"CODE_SIGN_IDENTITY[sdk=iphoneos*]" = "iPhone Developer";
				CURRENT_PROJECT_VERSION = 1;
				DEFINES_MODULE = YES;
				DYLIB_COMPATIBILITY_VERSION = 1;
				DYLIB_CURRENT_VERSION = 1;
				DYLIB_INSTALL_NAME_BASE = "@rpath";
				INFOPLIST_FILE = CardboardKit/Info.plist;
				INSTALL_PATH = "$(LOCAL_LIBRARY_DIR)/Frameworks";
				IPHONEOS_DEPLOYMENT_TARGET = 8.1;
				LD_RUNPATH_SEARCH_PATHS = "$(inherited) @executable_path/Frameworks @loader_path/Frameworks";
				PRODUCT_NAME = "$(TARGET_NAME)";
				SKIP_INSTALL = YES;
				TARGETED_DEVICE_FAMILY = "1,2";
				VERSIONING_SYSTEM = "apple-generic";
				VERSION_INFO_PREFIX = "";
			};
			name = Release;
		};
/* End XCBuildConfiguration section */

/* Begin XCConfigurationList section */
		6ACA79F11A6A2B350060B316 /* Build configuration list for PBXProject "Cardboard" */ = {
			isa = XCConfigurationList;
			buildConfigurations = (
				6ACA7A171A6A2B350060B316 /* Debug */,
				6ACA7A181A6A2B350060B316 /* Release */,
			);
			defaultConfigurationIsVisible = 0;
			defaultConfigurationName = Release;
		};
		6ACA7A191A6A2B350060B316 /* Build configuration list for PBXNativeTarget "Cardboard" */ = {
			isa = XCConfigurationList;
			buildConfigurations = (
				6ACA7A1A1A6A2B350060B316 /* Debug */,
				6ACA7A1B1A6A2B350060B316 /* Release */,
			);
			defaultConfigurationIsVisible = 0;
			defaultConfigurationName = Release;
		};
		6ACA7A4B1A6A461F0060B316 /* Build configuration list for PBXNativeTarget "CardboardKit" */ = {
			isa = XCConfigurationList;
			buildConfigurations = (
				6ACA7A4C1A6A461F0060B316 /* Debug */,
				6ACA7A4D1A6A461F0060B316 /* Release */,
			);
			defaultConfigurationIsVisible = 0;
			defaultConfigurationName = Release;
		};
/* End XCConfigurationList section */
	};
	rootObject = 6ACA79EE1A6A2B350060B316 /* Project object */;
}
